// !$*UTF8*$!
{
	archiveVersion = 1;
	classes = {
	};
	objectVersion = 50;
	objects = {

/* Begin PBXBuildFile section */
		022414CA254ABFC3002FABB9 /* FetchDataView.swift in Sources */ = {isa = PBXBuildFile; fileRef = 022414C9254ABFC3002FABB9 /* FetchDataView.swift */; };
		022414CF254AC794002FABB9 /* DisplayDataView.swift in Sources */ = {isa = PBXBuildFile; fileRef = 022414CE254AC794002FABB9 /* DisplayDataView.swift */; };
		022414D2254AC871002FABB9 /* ImageLoadingView.swift in Sources */ = {isa = PBXBuildFile; fileRef = 022414D1254AC871002FABB9 /* ImageLoadingView.swift */; };
		027CCCE02548B497005AF8C7 /* GitHubUserRepoModel.swift in Sources */ = {isa = PBXBuildFile; fileRef = 027CCCDF2548B497005AF8C7 /* GitHubUserRepoModel.swift */; };
		02D6C938254D188F007F43B7 /* DisplayErrorView.swift in Sources */ = {isa = PBXBuildFile; fileRef = 02D6C937254D188F007F43B7 /* DisplayErrorView.swift */; };
		02DACAE02547C093004BA705 /* WesterlyGooseApp.swift in Sources */ = {isa = PBXBuildFile; fileRef = 02DACADF2547C093004BA705 /* WesterlyGooseApp.swift */; };
		02DACAE22547C093004BA705 /* ContentView.swift in Sources */ = {isa = PBXBuildFile; fileRef = 02DACAE12547C093004BA705 /* ContentView.swift */; };
		02DACAE42547C094004BA705 /* Assets.xcassets in Resources */ = {isa = PBXBuildFile; fileRef = 02DACAE32547C094004BA705 /* Assets.xcassets */; };
		02DACAE72547C094004BA705 /* Preview Assets.xcassets in Resources */ = {isa = PBXBuildFile; fileRef = 02DACAE62547C094004BA705 /* Preview Assets.xcassets */; };
		02DACB182548181D004BA705 /* UserModel.swift in Sources */ = {isa = PBXBuildFile; fileRef = 02DACB172548181D004BA705 /* UserModel.swift */; };
		02DACB20254819BF004BA705 /* FetchUserView.swift in Sources */ = {isa = PBXBuildFile; fileRef = 02DACB1F254819BF004BA705 /* FetchUserView.swift */; };
		02DACB3525481C94004BA705 /* RequestUserNameView.swift in Sources */ = {isa = PBXBuildFile; fileRef = 02DACB3425481C94004BA705 /* RequestUserNameView.swift */; };
		02DACB41254829AB004BA705 /* GitHubUserModel.swift in Sources */ = {isa = PBXBuildFile; fileRef = 02DACB40254829AB004BA705 /* GitHubUserModel.swift */; };
/* End PBXBuildFile section */

/* Begin PBXFileReference section */
		022414C9254ABFC3002FABB9 /* FetchDataView.swift */ = {isa = PBXFileReference; lastKnownFileType = sourcecode.swift; path = FetchDataView.swift; sourceTree = "<group>"; };
		022414CE254AC794002FABB9 /* DisplayDataView.swift */ = {isa = PBXFileReference; lastKnownFileType = sourcecode.swift; path = DisplayDataView.swift; sourceTree = "<group>"; };
		022414D1254AC871002FABB9 /* ImageLoadingView.swift */ = {isa = PBXFileReference; lastKnownFileType = sourcecode.swift; path = ImageLoadingView.swift; sourceTree = "<group>"; };
		027CCCDF2548B497005AF8C7 /* GitHubUserRepoModel.swift */ = {isa = PBXFileReference; lastKnownFileType = sourcecode.swift; path = GitHubUserRepoModel.swift; sourceTree = "<group>"; };
		02D6C937254D188F007F43B7 /* DisplayErrorView.swift */ = {isa = PBXFileReference; lastKnownFileType = sourcecode.swift; path = DisplayErrorView.swift; sourceTree = "<group>"; };
		02DACADC2547C093004BA705 /* WesterlyGoose.app */ = {isa = PBXFileReference; explicitFileType = wrapper.application; includeInIndex = 0; path = WesterlyGoose.app; sourceTree = BUILT_PRODUCTS_DIR; };
		02DACADF2547C093004BA705 /* WesterlyGooseApp.swift */ = {isa = PBXFileReference; lastKnownFileType = sourcecode.swift; path = WesterlyGooseApp.swift; sourceTree = "<group>"; };
		02DACAE12547C093004BA705 /* ContentView.swift */ = {isa = PBXFileReference; lastKnownFileType = sourcecode.swift; path = ContentView.swift; sourceTree = "<group>"; };
		02DACAE32547C094004BA705 /* Assets.xcassets */ = {isa = PBXFileReference; lastKnownFileType = folder.assetcatalog; path = Assets.xcassets; sourceTree = "<group>"; };
		02DACAE62547C094004BA705 /* Preview Assets.xcassets */ = {isa = PBXFileReference; lastKnownFileType = folder.assetcatalog; path = "Preview Assets.xcassets"; sourceTree = "<group>"; };
		02DACAE82547C094004BA705 /* Info.plist */ = {isa = PBXFileReference; lastKnownFileType = text.plist.xml; path = Info.plist; sourceTree = "<group>"; };
		02DACAF12547C094004BA705 /* WesterlyGooseTests.swift */ = {isa = PBXFileReference; lastKnownFileType = sourcecode.swift; path = WesterlyGooseTests.swift; sourceTree = "<group>"; };
		02DACAF32547C094004BA705 /* Info.plist */ = {isa = PBXFileReference; lastKnownFileType = text.plist.xml; path = Info.plist; sourceTree = "<group>"; };
		02DACAFC2547C094004BA705 /* WesterlyGooseUITests.swift */ = {isa = PBXFileReference; lastKnownFileType = sourcecode.swift; path = WesterlyGooseUITests.swift; sourceTree = "<group>"; };
		02DACAFE2547C094004BA705 /* Info.plist */ = {isa = PBXFileReference; lastKnownFileType = text.plist.xml; path = Info.plist; sourceTree = "<group>"; };
		02DACB172548181D004BA705 /* UserModel.swift */ = {isa = PBXFileReference; lastKnownFileType = sourcecode.swift; path = UserModel.swift; sourceTree = "<group>"; };
		02DACB1F254819BF004BA705 /* FetchUserView.swift */ = {isa = PBXFileReference; lastKnownFileType = sourcecode.swift; path = FetchUserView.swift; sourceTree = "<group>"; };
		02DACB3425481C94004BA705 /* RequestUserNameView.swift */ = {isa = PBXFileReference; lastKnownFileType = sourcecode.swift; path = RequestUserNameView.swift; sourceTree = "<group>"; };
		02DACB40254829AB004BA705 /* GitHubUserModel.swift */ = {isa = PBXFileReference; lastKnownFileType = sourcecode.swift; path = GitHubUserModel.swift; sourceTree = "<group>"; };
/* End PBXFileReference section */

/* Begin PBXFrameworksBuildPhase section */
		02DACAD92547C093004BA705 /* Frameworks */ = {
			isa = PBXFrameworksBuildPhase;
			buildActionMask = 2147483647;
			files = (
			);
			runOnlyForDeploymentPostprocessing = 0;
		};
/* End PBXFrameworksBuildPhase section */

/* Begin PBXGroup section */
		02D6C92E254D1627007F43B7 /* Main Views */ = {
			isa = PBXGroup;
			children = (
				02DACB1F254819BF004BA705 /* FetchUserView.swift */,
				02DACB3425481C94004BA705 /* RequestUserNameView.swift */,
				022414C9254ABFC3002FABB9 /* FetchDataView.swift */,
				022414CE254AC794002FABB9 /* DisplayDataView.swift */,
				02D6C937254D188F007F43B7 /* DisplayErrorView.swift */,
			);
			path = "Main Views";
			sourceTree = "<group>";
		};
		02D6C930254D163D007F43B7 /* Secondary Views */ = {
			isa = PBXGroup;
			children = (
				022414D1254AC871002FABB9 /* ImageLoadingView.swift */,
			);
			path = "Secondary Views";
			sourceTree = "<group>";
		};
		02D6C931254D1653007F43B7 /* Models */ = {
			isa = PBXGroup;
			children = (
				02DACB172548181D004BA705 /* UserModel.swift */,
				02DACB40254829AB004BA705 /* GitHubUserModel.swift */,
				027CCCDF2548B497005AF8C7 /* GitHubUserRepoModel.swift */,
			);
			path = Models;
			sourceTree = "<group>";
		};
		02DACAD32547C093004BA705 = {
			isa = PBXGroup;
			children = (
				02DACADD2547C093004BA705 /* Products */,
				02DACADE2547C093004BA705 /* WesterlyGoose */,
				02DACAF02547C094004BA705 /* WesterlyGooseTests */,
				02DACAFB2547C094004BA705 /* WesterlyGooseUITests */,
			);
			sourceTree = "<group>";
		};
		02DACADD2547C093004BA705 /* Products */ = {
			isa = PBXGroup;
			children = (
				02DACADC2547C093004BA705 /* WesterlyGoose.app */,
			);
			name = Products;
			sourceTree = "<group>";
		};
		02DACADE2547C093004BA705 /* WesterlyGoose */ = {
			isa = PBXGroup;
			children = (
				02D6C92E254D1627007F43B7 /* Main Views */,
				02D6C931254D1653007F43B7 /* Models */,
				02DACAE52547C094004BA705 /* Preview Content */,
				02D6C930254D163D007F43B7 /* Secondary Views */,
				02DACAE82547C094004BA705 /* Info.plist */,
				02DACAE12547C093004BA705 /* ContentView.swift */,
				02DACADF2547C093004BA705 /* WesterlyGooseApp.swift */,
				02DACAE32547C094004BA705 /* Assets.xcassets */,
			);
			path = WesterlyGoose;
			sourceTree = "<group>";
		};
		02DACAE52547C094004BA705 /* Preview Content */ = {
			isa = PBXGroup;
			children = (
				02DACAE62547C094004BA705 /* Preview Assets.xcassets */,
			);
			path = "Preview Content";
			sourceTree = "<group>";
		};
		02DACAF02547C094004BA705 /* WesterlyGooseTests */ = {
			isa = PBXGroup;
			children = (
				02DACAF12547C094004BA705 /* WesterlyGooseTests.swift */,
				02DACAF32547C094004BA705 /* Info.plist */,
			);
			path = WesterlyGooseTests;
			sourceTree = "<group>";
		};
		02DACAFB2547C094004BA705 /* WesterlyGooseUITests */ = {
			isa = PBXGroup;
			children = (
				02DACAFC2547C094004BA705 /* WesterlyGooseUITests.swift */,
				02DACAFE2547C094004BA705 /* Info.plist */,
			);
			path = WesterlyGooseUITests;
			sourceTree = "<group>";
		};
/* End PBXGroup section */

/* Begin PBXNativeTarget section */
		02DACADB2547C093004BA705 /* WesterlyGoose */ = {
			isa = PBXNativeTarget;
			buildConfigurationList = 02DACB012547C095004BA705 /* Build configuration list for PBXNativeTarget "WesterlyGoose" */;
			buildPhases = (
				02DACAD82547C093004BA705 /* Sources */,
				02DACAD92547C093004BA705 /* Frameworks */,
				02DACADA2547C093004BA705 /* Resources */,
			);
			buildRules = (
			);
			dependencies = (
			);
			name = WesterlyGoose;
			productName = WesterlyGoose;
			productReference = 02DACADC2547C093004BA705 /* WesterlyGoose.app */;
			productType = "com.apple.product-type.application";
		};
/* End PBXNativeTarget section */

/* Begin PBXProject section */
		02DACAD42547C093004BA705 /* Project object */ = {
			isa = PBXProject;
			attributes = {
				LastSwiftUpdateCheck = 1210;
				LastUpgradeCheck = 1210;
				TargetAttributes = {
					02DACADB2547C093004BA705 = {
						CreatedOnToolsVersion = 12.1;
					};
				};
			};
			buildConfigurationList = 02DACAD72547C093004BA705 /* Build configuration list for PBXProject "WesterlyGoose" */;
			compatibilityVersion = "Xcode 9.3";
			developmentRegion = en;
			hasScannedForEncodings = 0;
			knownRegions = (
				en,
				Base,
			);
			mainGroup = 02DACAD32547C093004BA705;
			productRefGroup = 02DACADD2547C093004BA705 /* Products */;
			projectDirPath = "";
			projectRoot = "";
			targets = (
				02DACADB2547C093004BA705 /* WesterlyGoose */,
			);
		};
/* End PBXProject section */

/* Begin PBXResourcesBuildPhase section */
		02DACADA2547C093004BA705 /* Resources */ = {
			isa = PBXResourcesBuildPhase;
			buildActionMask = 2147483647;
			files = (
				02DACAE72547C094004BA705 /* Preview Assets.xcassets in Resources */,
				02DACAE42547C094004BA705 /* Assets.xcassets in Resources */,
			);
			runOnlyForDeploymentPostprocessing = 0;
		};
/* End PBXResourcesBuildPhase section */

/* Begin PBXSourcesBuildPhase section */
		02DACAD82547C093004BA705 /* Sources */ = {
			isa = PBXSourcesBuildPhase;
			buildActionMask = 2147483647;
			files = (
				027CCCE02548B497005AF8C7 /* GitHubUserRepoModel.swift in Sources */,
				02DACAE22547C093004BA705 /* ContentView.swift in Sources */,
				02D6C938254D188F007F43B7 /* DisplayErrorView.swift in Sources */,
				02DACB20254819BF004BA705 /* FetchUserView.swift in Sources */,
				022414CA254ABFC3002FABB9 /* FetchDataView.swift in Sources */,
				02DACB41254829AB004BA705 /* GitHubUserModel.swift in Sources */,
				02DACB3525481C94004BA705 /* RequestUserNameView.swift in Sources */,
				022414CF254AC794002FABB9 /* DisplayDataView.swift in Sources */,
				022414D2254AC871002FABB9 /* ImageLoadingView.swift in Sources */,
				02DACB182548181D004BA705 /* UserModel.swift in Sources */,
				02DACAE02547C093004BA705 /* WesterlyGooseApp.swift in Sources */,
			);
			runOnlyForDeploymentPostprocessing = 0;
		};
/* End PBXSourcesBuildPhase section */

/* Begin XCBuildConfiguration section */
		02DACAFF2547C095004BA705 /* Debug */ = {
			isa = XCBuildConfiguration;
			buildSettings = {
				ALWAYS_SEARCH_USER_PATHS = NO;
				CLANG_ANALYZER_NONNULL = YES;
				CLANG_ANALYZER_NUMBER_OBJECT_CONVERSION = YES_AGGRESSIVE;
				CLANG_CXX_LANGUAGE_STANDARD = "gnu++14";
				CLANG_CXX_LIBRARY = "libc++";
				CLANG_ENABLE_MODULES = YES;
				CLANG_ENABLE_OBJC_ARC = YES;
				CLANG_ENABLE_OBJC_WEAK = YES;
				CLANG_WARN_BLOCK_CAPTURE_AUTORELEASING = YES;
				CLANG_WARN_BOOL_CONVERSION = YES;
				CLANG_WARN_COMMA = YES;
				CLANG_WARN_CONSTANT_CONVERSION = YES;
				CLANG_WARN_DEPRECATED_OBJC_IMPLEMENTATIONS = YES;
				CLANG_WARN_DIRECT_OBJC_ISA_USAGE = YES_ERROR;
				CLANG_WARN_DOCUMENTATION_COMMENTS = YES;
				CLANG_WARN_EMPTY_BODY = YES;
				CLANG_WARN_ENUM_CONVERSION = YES;
				CLANG_WARN_INFINITE_RECURSION = YES;
				CLANG_WARN_INT_CONVERSION = YES;
				CLANG_WARN_NON_LITERAL_NULL_CONVERSION = YES;
				CLANG_WARN_OBJC_IMPLICIT_RETAIN_SELF = YES;
				CLANG_WARN_OBJC_LITERAL_CONVERSION = YES;
				CLANG_WARN_OBJC_ROOT_CLASS = YES_ERROR;
				CLANG_WARN_QUOTED_INCLUDE_IN_FRAMEWORK_HEADER = YES;
				CLANG_WARN_RANGE_LOOP_ANALYSIS = YES;
				CLANG_WARN_STRICT_PROTOTYPES = YES;
				CLANG_WARN_SUSPICIOUS_MOVE = YES;
				CLANG_WARN_UNGUARDED_AVAILABILITY = YES_AGGRESSIVE;
				CLANG_WARN_UNREACHABLE_CODE = YES;
				CLANG_WARN__DUPLICATE_METHOD_MATCH = YES;
				COPY_PHASE_STRIP = NO;
				DEBUG_INFORMATION_FORMAT = dwarf;
				ENABLE_STRICT_OBJC_MSGSEND = YES;
				ENABLE_TESTABILITY = YES;
				GCC_C_LANGUAGE_STANDARD = gnu11;
				GCC_DYNAMIC_NO_PIC = NO;
				GCC_NO_COMMON_BLOCKS = YES;
				GCC_OPTIMIZATION_LEVEL = 0;
				GCC_PREPROCESSOR_DEFINITIONS = (
					"DEBUG=1",
					"$(inherited)",
				);
				GCC_WARN_64_TO_32_BIT_CONVERSION = YES;
				GCC_WARN_ABOUT_RETURN_TYPE = YES_ERROR;
				GCC_WARN_UNDECLARED_SELECTOR = YES;
				GCC_WARN_UNINITIALIZED_AUTOS = YES_AGGRESSIVE;
				GCC_WARN_UNUSED_FUNCTION = YES;
				GCC_WARN_UNUSED_VARIABLE = YES;
				IPHONEOS_DEPLOYMENT_TARGET = 14.1;
				MTL_ENABLE_DEBUG_INFO = INCLUDE_SOURCE;
				MTL_FAST_MATH = YES;
				ONLY_ACTIVE_ARCH = YES;
				SDKROOT = iphoneos;
				SWIFT_ACTIVE_COMPILATION_CONDITIONS = DEBUG;
				SWIFT_OPTIMIZATION_LEVEL = "-Onone";
			};
			name = Debug;
		};
		02DACB002547C095004BA705 /* Release */ = {
			isa = XCBuildConfiguration;
			buildSettings = {
				ALWAYS_SEARCH_USER_PATHS = NO;
				CLANG_ANALYZER_NONNULL = YES;
				CLANG_ANALYZER_NUMBER_OBJECT_CONVERSION = YES_AGGRESSIVE;
				CLANG_CXX_LANGUAGE_STANDARD = "gnu++14";
				CLANG_CXX_LIBRARY = "libc++";
				CLANG_ENABLE_MODULES = YES;
				CLANG_ENABLE_OBJC_ARC = YES;
				CLANG_ENABLE_OBJC_WEAK = YES;
				CLANG_WARN_BLOCK_CAPTURE_AUTORELEASING = YES;
				CLANG_WARN_BOOL_CONVERSION = YES;
				CLANG_WARN_COMMA = YES;
				CLANG_WARN_CONSTANT_CONVERSION = YES;
				CLANG_WARN_DEPRECATED_OBJC_IMPLEMENTATIONS = YES;
				CLANG_WARN_DIRECT_OBJC_ISA_USAGE = YES_ERROR;
				CLANG_WARN_DOCUMENTATION_COMMENTS = YES;
				CLANG_WARN_EMPTY_BODY = YES;
				CLANG_WARN_ENUM_CONVERSION = YES;
				CLANG_WARN_INFINITE_RECURSION = YES;
				CLANG_WARN_INT_CONVERSION = YES;
				CLANG_WARN_NON_LITERAL_NULL_CONVERSION = YES;
				CLANG_WARN_OBJC_IMPLICIT_RETAIN_SELF = YES;
				CLANG_WARN_OBJC_LITERAL_CONVERSION = YES;
				CLANG_WARN_OBJC_ROOT_CLASS = YES_ERROR;
				CLANG_WARN_QUOTED_INCLUDE_IN_FRAMEWORK_HEADER = YES;
				CLANG_WARN_RANGE_LOOP_ANALYSIS = YES;
				CLANG_WARN_STRICT_PROTOTYPES = YES;
				CLANG_WARN_SUSPICIOUS_MOVE = YES;
				CLANG_WARN_UNGUARDED_AVAILABILITY = YES_AGGRESSIVE;
				CLANG_WARN_UNREACHABLE_CODE = YES;
				CLANG_WARN__DUPLICATE_METHOD_MATCH = YES;
				COPY_PHASE_STRIP = NO;
				DEBUG_INFORMATION_FORMAT = "dwarf-with-dsym";
				ENABLE_NS_ASSERTIONS = NO;
				ENABLE_STRICT_OBJC_MSGSEND = YES;
				GCC_C_LANGUAGE_STANDARD = gnu11;
				GCC_NO_COMMON_BLOCKS = YES;
				GCC_WARN_64_TO_32_BIT_CONVERSION = YES;
				GCC_WARN_ABOUT_RETURN_TYPE = YES_ERROR;
				GCC_WARN_UNDECLARED_SELECTOR = YES;
				GCC_WARN_UNINITIALIZED_AUTOS = YES_AGGRESSIVE;
				GCC_WARN_UNUSED_FUNCTION = YES;
				GCC_WARN_UNUSED_VARIABLE = YES;
				IPHONEOS_DEPLOYMENT_TARGET = 14.1;
				MTL_ENABLE_DEBUG_INFO = NO;
				MTL_FAST_MATH = YES;
				SDKROOT = iphoneos;
				SWIFT_COMPILATION_MODE = wholemodule;
				SWIFT_OPTIMIZATION_LEVEL = "-O";
				VALIDATE_PRODUCT = YES;
			};
			name = Release;
		};
		02DACB022547C095004BA705 /* Debug */ = {
			isa = XCBuildConfiguration;
			buildSettings = {
				ASSETCATALOG_COMPILER_APPICON_NAME = AppIcon;
				ASSETCATALOG_COMPILER_GLOBAL_ACCENT_COLOR_NAME = AccentColor;
				CODE_SIGN_STYLE = Automatic;
				DEVELOPMENT_ASSET_PATHS = "\"WesterlyGoose/Preview Content\"";
				DEVELOPMENT_TEAM = FML74CZEMW;
				ENABLE_PREVIEWS = YES;
				INFOPLIST_FILE = WesterlyGoose/Info.plist;
				IPHONEOS_DEPLOYMENT_TARGET = 14.0;
				LD_RUNPATH_SEARCH_PATHS = (
					"$(inherited)",
					"@executable_path/Frameworks",
				);
				PRODUCT_BUNDLE_IDENTIFIER = com.tofusoft.demo.WesterlyGoose;
				PRODUCT_NAME = "$(TARGET_NAME)";
				SWIFT_VERSION = 5.0;
				TARGETED_DEVICE_FAMILY = "1,2";
			};
			name = Debug;
		};
		02DACB032547C095004BA705 /* Release */ = {
			isa = XCBuildConfiguration;
			buildSettings = {
				ASSETCATALOG_COMPILER_APPICON_NAME = AppIcon;
				ASSETCATALOG_COMPILER_GLOBAL_ACCENT_COLOR_NAME = AccentColor;
				CODE_SIGN_STYLE = Automatic;
				DEVELOPMENT_ASSET_PATHS = "\"WesterlyGoose/Preview Content\"";
				DEVELOPMENT_TEAM = FML74CZEMW;
				ENABLE_PREVIEWS = YES;
				INFOPLIST_FILE = WesterlyGoose/Info.plist;
				IPHONEOS_DEPLOYMENT_TARGET = 14.0;
				LD_RUNPATH_SEARCH_PATHS = (
					"$(inherited)",
					"@executable_path/Frameworks",
				);
				PRODUCT_BUNDLE_IDENTIFIER = com.tofusoft.demo.WesterlyGoose;
				PRODUCT_NAME = "$(TARGET_NAME)";
				SWIFT_VERSION = 5.0;
				TARGETED_DEVICE_FAMILY = "1,2";
			};
			name = Release;
		};
/* End XCBuildConfiguration section */

/* Begin XCConfigurationList section */
		02DACAD72547C093004BA705 /* Build configuration list for PBXProject "WesterlyGoose" */ = {
			isa = XCConfigurationList;
			buildConfigurations = (
				02DACAFF2547C095004BA705 /* Debug */,
				02DACB002547C095004BA705 /* Release */,
			);
			defaultConfigurationIsVisible = 0;
			defaultConfigurationName = Release;
		};
		02DACB012547C095004BA705 /* Build configuration list for PBXNativeTarget "WesterlyGoose" */ = {
			isa = XCConfigurationList;
			buildConfigurations = (
				02DACB022547C095004BA705 /* Debug */,
				02DACB032547C095004BA705 /* Release */,
			);
			defaultConfigurationIsVisible = 0;
			defaultConfigurationName = Release;
		};
/* End XCConfigurationList section */
	};
	rootObject = 02DACAD42547C093004BA705 /* Project object */;
}
